
Microsoft Visual Studio Solution File, Format Version 12.00
# Visual Studio 15
VisualStudioVersion = 15.0.27703.2018
MinimumVisualStudioVersion = 10.0.40219.1
Project("{FAE04EC0-301F-11D3-BF4B-00C04F79EFBC}") = "calculator", "calculator\calculator.csproj", "{CE9A7733-DC5D-4E75-A67A-A40928E93826}"
EndProject
Project("{FAE04EC0-301F-11D3-BF4B-00C04F79EFBC}") = "calculator_tests", "calculator_tests\calculator_tests.csproj", "{3D12C893-1491-46C3-87B3-F3B371C030B4}"
EndProject
Global
	GlobalSection(SolutionConfigurationPlatforms) = preSolution
		Debug|Any CPU = Debug|Any CPU
		Release|Any CPU = Release|Any CPU
	EndGlobalSection
	GlobalSection(ProjectConfigurationPlatforms) = postSolution
		{CE9A7733-DC5D-4E75-A67A-A40928E93826}.Debug|Any CPU.ActiveCfg = Debug|Any CPU
		{CE9A7733-DC5D-4E75-A67A-A40928E93826}.Debug|Any CPU.Build.0 = Debug|Any CPU
		{CE9A7733-DC5D-4E75-A67A-A40928E93826}.Release|Any CPU.ActiveCfg = Release|Any CPU
		{CE9A7733-DC5D-4E75-A67A-A40928E93826}.Release|Any CPU.Build.0 = Release|Any CPU
		{3D12C893-1491-46C3-87B3-F3B371C030B4}.Debug|Any CPU.ActiveCfg = Debug|Any CPU
		{3D12C893-1491-46C3-87B3-F3B371C030B4}.Debug|Any CPU.Build.0 = Debug|Any CPU
		{3D12C893-1491-46C3-87B3-F3B371C030B4}.Release|Any CPU.ActiveCfg = Release|Any CPU
		{3D12C893-1491-46C3-87B3-F3B371C030B4}.Release|Any CPU.Build.0 = Release|Any CPU
	EndGlobalSection
	GlobalSection(SolutionProperties) = preSolution
		HideSolutionNode = FALSE
	EndGlobalSection
	GlobalSection(ExtensibilityGlobals) = postSolution
		SolutionGuid = {50F6E68B-F722-4104-B50A-0EE48C32F274}
	EndGlobalSection
EndGlobal
